
Microsoft Visual Studio Solution File, Format Version 12.00
# Visual Studio Version 17
VisualStudioVersion = 17.6.33723.286
MinimumVisualStudioVersion = 10.0.40219.1
Project("{FAE04EC0-301F-11D3-BF4B-00C04F79EFBC}") = "Examen2-R-H25-Partie2", "Examen2-R-H25-Partie2\Examen2-R-H25-Partie2.csproj", "{3657DEBB-26EE-40BF-B580-43E21E817B06}"
EndProject
Global
	GlobalSection(SolutionConfigurationPlatforms) = preSolution
		Debug|Any CPU = Debug|Any CPU
		Release|Any CPU = Release|Any CPU
	EndGlobalSection
	GlobalSection(ProjectConfigurationPlatforms) = postSolution
		{3657DEBB-26EE-40BF-B580-43E21E817B06}.Debug|Any CPU.ActiveCfg = Debug|Any CPU
		{3657DEBB-26EE-40BF-B580-43E21E817B06}.Debug|Any CPU.Build.0 = Debug|Any CPU
		{3657DEBB-26EE-40BF-B580-43E21E817B06}.Release|Any CPU.ActiveCfg = Release|Any CPU
		{3657DEBB-26EE-40BF-B580-43E21E817B06}.Release|Any CPU.Build.0 = Release|Any CPU
	EndGlobalSection
	GlobalSection(SolutionProperties) = preSolution
		HideSolutionNode = FALSE
	EndGlobalSection
	GlobalSection(ExtensibilityGlobals) = postSolution
		SolutionGuid = {4907D90B-7CE6-44A1-B6B8-F7EA0DB7C58D}
	EndGlobalSection
EndGlobal
